
Microsoft Visual Studio Solution File, Format Version 12.00
# Visual Studio Version 17
VisualStudioVersion = 17.9.34616.47
MinimumVisualStudioVersion = 10.0.40219.1
Project("{FAE04EC0-301F-11D3-BF4B-00C04F79EFBC}") = "ResourceModLoader", "ResourceModLoader.csproj", "{906A3204-CDC4-4C64-B041-621E92DF79DF}"
EndProject
Global
	GlobalSection(SolutionConfigurationPlatforms) = preSolution
		Debug|Any CPU = Debug|Any CPU
		Release|Any CPU = Release|Any CPU
	EndGlobalSection
	GlobalSection(ProjectConfigurationPlatforms) = postSolution
		{906A3204-CDC4-4C64-B041-621E92DF79DF}.Debug|Any CPU.ActiveCfg = Debug|Any CPU
		{906A3204-CDC4-4C64-B041-621E92DF79DF}.Debug|Any CPU.Build.0 = Debug|Any CPU
		{906A3204-CDC4-4C64-B041-621E92DF79DF}.Release|Any CPU.ActiveCfg = Release|Any CPU
		{906A3204-CDC4-4C64-B041-621E92DF79DF}.Release|Any CPU.Build.0 = Release|Any CPU
	EndGlobalSection
	GlobalSection(SolutionProperties) = preSolution
		HideSolutionNode = FALSE
	EndGlobalSection
	GlobalSection(ExtensibilityGlobals) = postSolution
		SolutionGuid = {7111C4F9-913A-43CA-93DA-5ADFCF070947}
	EndGlobalSection
EndGlobal
